{
  "lockfileVersion": 3,
  "name": "anydesign-website",
  "packages": {
    "": {
      "dependencies": {
        "astro": "^5.0.0",
        "tailwindcss": "^4.3.2"
      },
      "devDependencies": {},
      "name": "anydesign-website",
      "version": "0.0.0"
    }
  },
  "requires": true,
  "version": "0.0.0"
}
