{
  "lockfileVersion": 3,
  "name": "anydesign-docs",
  "packages": {
    "": {
      "dependencies": {
        "fumadocs-core": "^16.10.7",
        "fumadocs-mdx": "^15.0.13",
        "fumadocs-ui": "^16.10.7",
        "next": "^16.2.10",
        "react": "^19.2.7",
        "react-dom": "^19.2.7",
        "serve": "^14.2.5"
      },
      "devDependencies": {
        "@tailwindcss/postcss": "^4.3.2",
        "@types/mdx": "latest",
        "@types/node": "latest",
        "@types/react": "latest",
        "postcss": "^8.5.6",
        "tailwindcss": "^4.3.2",
        "typescript": "5.9.3"
      },
      "name": "anydesign-docs",
      "version": "0.0.0"
    }
  },
  "requires": true,
  "version": "0.0.0"
}
